// !$*UTF8*$!
{
	archiveVersion = 1;
	classes = {
	};
	objectVersion = 46;
	objects = {

/* Begin PBXBuildFile section */
		5612D30318FDBA540013B791 /* main.cpp in Sources */ = {isa = PBXBuildFile; fileRef = 5612D30218FDBA540013B791 /* main.cpp */; };
		5612D30D18FDBC440013B791 /* LinkedList.cpp in Sources */ = {isa = PBXBuildFile; fileRef = 5612D30B18FDBC440013B791 /* LinkedList.cpp */; };
/* End PBXBuildFile section */

/* Begin PBXCopyFilesBuildPhase section */
		5612D2FD18FDBA540013B791 /* CopyFiles */ = {
			isa = PBXCopyFilesBuildPhase;
			buildActionMask = 2147483647;
			dstPath = /usr/share/man/man1/;
			dstSubfolderSpec = 0;
			files = (
			);
			runOnlyForDeploymentPostprocessing = 1;
		};
/* End PBXCopyFilesBuildPhase section */

/* Begin PBXFileReference section */
		5612D2FF18FDBA540013B791 /* LinkedListSTLContainer */ = {isa = PBXFileReference; explicitFileType = "compiled.mach-o.executable"; includeInIndex = 0; path = LinkedListSTLContainer; sourceTree = BUILT_PRODUCTS_DIR; };
		5612D30218FDBA540013B791 /* main.cpp */ = {isa = PBXFileReference; lastKnownFileType = sourcecode.cpp.cpp; path = main.cpp; sourceTree = "<group>"; };
		5612D30B18FDBC440013B791 /* LinkedList.cpp */ = {isa = PBXFileReference; fileEncoding = 4; lastKnownFileType = sourcecode.cpp.cpp; path = LinkedList.cpp; sourceTree = "<group>"; };
		5612D30C18FDBC440013B791 /* LinkedList.h */ = {isa = PBXFileReference; fileEncoding = 4; lastKnownFileType = sourcecode.c.h; path = LinkedList.h; sourceTree = "<group>"; };
/* End PBXFileReference section */

/* Begin PBXFrameworksBuildPhase section */
		5612D2FC18FDBA540013B791 /* Frameworks */ = {
			isa = PBXFrameworksBuildPhase;
			buildActionMask = 2147483647;
			files = (
			);
			runOnlyForDeploymentPostprocessing = 0;
		};
/* End PBXFrameworksBuildPhase section */

/* Begin PBXGroup section */
		5612D2F618FDBA530013B791 = {
			isa = PBXGroup;
			children = (
				5612D30118FDBA540013B791 /* LinkedListSTLContainer */,
				5612D30018FDBA540013B791 /* Products */,
			);
			sourceTree = "<group>";
		};
		5612D30018FDBA540013B791 /* Products */ = {
			isa = PBXGroup;
			children = (
				5612D2FF18FDBA540013B791 /* LinkedListSTLContainer */,
			);
			name = Products;
			sourceTree = "<group>";
		};
		5612D30118FDBA540013B791 /* LinkedListSTLContainer */ = {
			isa = PBXGroup;
			children = (
				5612D30218FDBA540013B791 /* main.cpp */,
				5612D30B18FDBC440013B791 /* LinkedList.cpp */,
				5612D30C18FDBC440013B791 /* LinkedList.h */,
			);
			path = LinkedListSTLContainer;
			sourceTree = "<group>";
		};
/* End PBXGroup section */

/* Begin PBXNativeTarget section */
		5612D2FE18FDBA540013B791 /* LinkedListSTLContainer */ = {
			isa = PBXNativeTarget;
			buildConfigurationList = 5612D30818FDBA540013B791 /* Build configuration list for PBXNativeTarget "LinkedListSTLContainer" */;
			buildPhases = (
				5612D2FB18FDBA540013B791 /* Sources */,
				5612D2FC18FDBA540013B791 /* Frameworks */,
				5612D2FD18FDBA540013B791 /* CopyFiles */,
			);
			buildRules = (
			);
			dependencies = (
			);
			name = LinkedListSTLContainer;
			productName = LinkedListSTLContainer;
			productReference = 5612D2FF18FDBA540013B791 /* LinkedListSTLContainer */;
			productType = "com.apple.product-type.tool";
		};
/* End PBXNativeTarget section */

/* Begin PBXProject section */
		5612D2F718FDBA530013B791 /* Project object */ = {
			isa = PBXProject;
			attributes = {
				LastUpgradeCheck = 0510;
				ORGANIZATIONNAME = MasterMind;
			};
			buildConfigurationList = 5612D2FA18FDBA530013B791 /* Build configuration list for PBXProject "LinkedListSTLContainer" */;
			compatibilityVersion = "Xcode 3.2";
			developmentRegion = English;
			hasScannedForEncodings = 0;
			knownRegions = (
				en,
			);
			mainGroup = 5612D2F618FDBA530013B791;
			productRefGroup = 5612D30018FDBA540013B791 /* Products */;
			projectDirPath = "";
			projectRoot = "";
			targets = (
				5612D2FE18FDBA540013B791 /* LinkedListSTLContainer */,
			);
		};
/* End PBXProject section */

/* Begin PBXSourcesBuildPhase section */
		5612D2FB18FDBA540013B791 /* Sources */ = {
			isa = PBXSourcesBuildPhase;
			buildActionMask = 2147483647;
			files = (
				5612D30D18FDBC440013B791 /* LinkedList.cpp in Sources */,
				5612D30318FDBA540013B791 /* main.cpp in Sources */,
			);
			runOnlyForDeploymentPostprocessing = 0;
		};
/* End PBXSourcesBuildPhase section */

/* Begin XCBuildConfiguration section */
		5612D30618FDBA540013B791 /* Debug */ = {
			isa = XCBuildConfiguration;
			buildSettings = {
				ALWAYS_SEARCH_USER_PATHS = NO;
				CLANG_CXX_LANGUAGE_STANDARD = "gnu++0x";
				CLANG_CXX_LIBRARY = "libc++";
				CLANG_ENABLE_MODULES = YES;
				CLANG_ENABLE_OBJC_ARC = YES;
				CLANG_WARN_BOOL_CONVERSION = YES;
				CLANG_WARN_CONSTANT_CONVERSION = YES;
				CLANG_WARN_DIRECT_OBJC_ISA_USAGE = YES_ERROR;
				CLANG_WARN_EMPTY_BODY = YES;
				CLANG_WARN_ENUM_CONVERSION = YES;
				CLANG_WARN_INT_CONVERSION = YES;
				CLANG_WARN_OBJC_ROOT_CLASS = YES_ERROR;
				CLANG_WARN__DUPLICATE_METHOD_MATCH = YES;
				COPY_PHASE_STRIP = NO;
				GCC_C_LANGUAGE_STANDARD = gnu99;
				GCC_DYNAMIC_NO_PIC = NO;
				GCC_ENABLE_OBJC_EXCEPTIONS = YES;
				GCC_OPTIMIZATION_LEVEL = 0;
				GCC_PREPROCESSOR_DEFINITIONS = (
					"DEBUG=1",
					"$(inherited)",
				);
				GCC_SYMBOLS_PRIVATE_EXTERN = NO;
				GCC_WARN_64_TO_32_BIT_CONVERSION = YES;
				GCC_WARN_ABOUT_RETURN_TYPE = YES_ERROR;
				GCC_WARN_UNDECLARED_SELECTOR = YES;
				GCC_WARN_UNINITIALIZED_AUTOS = YES_AGGRESSIVE;
				GCC_WARN_UNUSED_FUNCTION = YES;
				GCC_WARN_UNUSED_VARIABLE = YES;
				MACOSX_DEPLOYMENT_TARGET = 10.9;
				ONLY_ACTIVE_ARCH = YES;
				SDKROOT = macosx;
			};
			name = Debug;
		};
		5612D30718FDBA540013B791 /* Release */ = {
			isa = XCBuildConfiguration;
			buildSettings = {
				ALWAYS_SEARCH_USER_PATHS = NO;
				CLANG_CXX_LANGUAGE_STANDARD = "gnu++0x";
				CLANG_CXX_LIBRARY = "libc++";
				CLANG_ENABLE_MODULES = YES;
				CLANG_ENABLE_OBJC_ARC = YES;
				CLANG_WARN_BOOL_CONVERSION = YES;
				CLANG_WARN_CONSTANT_CONVERSION = YES;
				CLANG_WARN_DIRECT_OBJC_ISA_USAGE = YES_ERROR;
				CLANG_WARN_EMPTY_BODY = YES;
				CLANG_WARN_ENUM_CONVERSION = YES;
				CLANG_WARN_INT_CONVERSION = YES;
				CLANG_WARN_OBJC_ROOT_CLASS = YES_ERROR;
				CLANG_WARN__DUPLICATE_METHOD_MATCH = YES;
				COPY_PHASE_STRIP = YES;
				DEBUG_INFORMATION_FORMAT = "dwarf-with-dsym";
				ENABLE_NS_ASSERTIONS = NO;
				GCC_C_LANGUAGE_STANDARD = gnu99;
				GCC_ENABLE_OBJC_EXCEPTIONS = YES;
				GCC_WARN_64_TO_32_BIT_CONVERSION = YES;
				GCC_WARN_ABOUT_RETURN_TYPE = YES_ERROR;
				GCC_WARN_UNDECLARED_SELECTOR = YES;
				GCC_WARN_UNINITIALIZED_AUTOS = YES_AGGRESSIVE;
				GCC_WARN_UNUSED_FUNCTION = YES;
				GCC_WARN_UNUSED_VARIABLE = YES;
				MACOSX_DEPLOYMENT_TARGET = 10.9;
				SDKROOT = macosx;
			};
			name = Release;
		};
		5612D30918FDBA540013B791 /* Debug */ = {
			isa = XCBuildConfiguration;
			buildSettings = {
				PRODUCT_NAME = "$(TARGET_NAME)";
			};
			name = Debug;
		};
		5612D30A18FDBA540013B791 /* Release */ = {
			isa = XCBuildConfiguration;
			buildSettings = {
				PRODUCT_NAME = "$(TARGET_NAME)";
			};
			name = Release;
		};
/* End XCBuildConfiguration section */

/* Begin XCConfigurationList section */
		5612D2FA18FDBA530013B791 /* Build configuration list for PBXProject "LinkedListSTLContainer" */ = {
			isa = XCConfigurationList;
			buildConfigurations = (
				5612D30618FDBA540013B791 /* Debug */,
				5612D30718FDBA540013B791 /* Release */,
			);
			defaultConfigurationIsVisible = 0;
			defaultConfigurationName = Release;
		};
		5612D30818FDBA540013B791 /* Build configuration list for PBXNativeTarget "LinkedListSTLContainer" */ = {
			isa = XCConfigurationList;
			buildConfigurations = (
				5612D30918FDBA540013B791 /* Debug */,
				5612D30A18FDBA540013B791 /* Release */,
			);
			defaultConfigurationIsVisible = 0;
		};
/* End XCConfigurationList section */
	};
	rootObject = 5612D2F718FDBA530013B791 /* Project object */;
}
